# THIS IS AN AUTOGENERATED FILE. DO NOT EDIT THIS FILE DIRECTLY.
# yarn lockfile v1


"@types/events@*":
  version "1.2.0"
  resolved "https://registry.yarnpkg.com/@types/events/-/events-1.2.0.tgz#81a6731ce4df43619e5c8c945383b3e62a89ea86"

"@types/node@*":
  version "10.0.10"
  resolved "https://registry.yarnpkg.com/@types/node/-/node-10.0.10.tgz#7f4667269e086daeef8667069f9f2cd862f49eb7"

"@types/ws@^5.1.1":
  version "5.1.1"
  resolved "https://registry.yarnpkg.com/@types/ws/-/ws-5.1.1.tgz#4adc1f1a5e92e7e0e95658fb35c7eab1bc52f4ac"
  dependencies:
    "@types/events" "*"
    "@types/node" "*"

async-limiter@~1.0.0:
  version "1.0.0"
  resolved "https://registry.yarnpkg.com/async-limiter/-/async-limiter-1.0.0.tgz#78faed8c3d074ab81f22b4e985d79e8738f720f8"

typescript@^2.8.3:
  version "2.8.3"
  resolved "https://registry.yarnpkg.com/typescript/-/typescript-2.8.3.tgz#5d817f9b6f31bb871835f4edf0089f21abe6c170"

ws@^5.1.1:
  version "5.1.1"
  resolved "https://registry.yarnpkg.com/ws/-/ws-5.1.1.tgz#1d43704689711ac1942fd2f283e38f825c4b8b95"
  dependencies:
    async-limiter "~1.0.0"
